
Microsoft Visual Studio Solution File, Format Version 12.00
# Visual Studio Version 16
VisualStudioVersion = 16.0.29424.173
MinimumVisualStudioVersion = 10.0.40219.1
Project("{2150E333-8FDC-42A3-9474-1A3956D46DE8}") = "src", "src", "{FFB8AEFB-DCC5-4ABA-A3A6-25DAE44BD8BD}"
EndProject
Project("{9A19103F-16F7-4668-BE54-9A1E7A4F7556}") = "Infrastructure", "src\Infrastructure\Infrastructure.csproj", "{22F0BED2-A982-4712-8244-069D814FE310}"
EndProject
Project("{2150E333-8FDC-42A3-9474-1A3956D46DE8}") = "[1] - Application", "[1] - Application", "{C7C478B1-19BC-4A96-97AD-9974E8546CFA}"
EndProject
Project("{2150E333-8FDC-42A3-9474-1A3956D46DE8}") = "[0] - Api", "[0] - Api", "{4931E6EA-0456-4B51-990B-264E5A8B0D67}"
EndProject
Project("{2150E333-8FDC-42A3-9474-1A3956D46DE8}") = "[2] - Infrastructure", "[2] - Infrastructure", "{47F6ACFC-4456-4EF1-9F9C-0538E216CE98}"
EndProject
Project("{2150E333-8FDC-42A3-9474-1A3956D46DE8}") = "[3] - Domain", "[3] - Domain", "{A6FFE7A3-B12B-4F40-BC57-FB32F51FA7FA}"
EndProject
Project("{2150E333-8FDC-42A3-9474-1A3956D46DE8}") = "[4] - Tests", "[4] - Tests", "{ABC00337-B232-46EC-A464-CAF9026C510A}"
EndProject
Project("{9A19103F-16F7-4668-BE54-9A1E7A4F7556}") = "Domain", "src\Domain\Domain.csproj", "{2B824922-F875-4F92-8B72-5CC8931BA0BE}"
EndProject
Project("{9A19103F-16F7-4668-BE54-9A1E7A4F7556}") = "Application", "src\Application\Application.csproj", "{C0012133-6DB3-46F0-8EA2-71492D84F0BD}"
EndProject
Project("{9A19103F-16F7-4668-BE54-9A1E7A4F7556}") = "WebApi", "src\WebApi\WebApi.csproj", "{6F7BB9AD-7E9A-4E24-949E-674289C98E63}"
EndProject
Project("{2150E333-8FDC-42A3-9474-1A3956D46DE8}") = "[5] - Common", "[5] - Common", "{0618562C-785B-498A-BB56-4979C3A574B8}"
EndProject
Project("{FAE04EC0-301F-11D3-BF4B-00C04F79EFBC}") = "Common", "src\Common\Common.csproj", "{D6C711AB-BE4B-481F-89B2-236A2F21E0BA}"
EndProject
Global
	GlobalSection(SolutionConfigurationPlatforms) = preSolution
		Debug|Any CPU = Debug|Any CPU
		Release|Any CPU = Release|Any CPU
	EndGlobalSection
	GlobalSection(ProjectConfigurationPlatforms) = postSolution
		{22F0BED2-A982-4712-8244-069D814FE310}.Debug|Any CPU.ActiveCfg = Debug|Any CPU
		{22F0BED2-A982-4712-8244-069D814FE310}.Debug|Any CPU.Build.0 = Debug|Any CPU
		{22F0BED2-A982-4712-8244-069D814FE310}.Release|Any CPU.ActiveCfg = Release|Any CPU
		{22F0BED2-A982-4712-8244-069D814FE310}.Release|Any CPU.Build.0 = Release|Any CPU
		{2B824922-F875-4F92-8B72-5CC8931BA0BE}.Debug|Any CPU.ActiveCfg = Debug|Any CPU
		{2B824922-F875-4F92-8B72-5CC8931BA0BE}.Debug|Any CPU.Build.0 = Debug|Any CPU
		{2B824922-F875-4F92-8B72-5CC8931BA0BE}.Release|Any CPU.ActiveCfg = Release|Any CPU
		{2B824922-F875-4F92-8B72-5CC8931BA0BE}.Release|Any CPU.Build.0 = Release|Any CPU
		{C0012133-6DB3-46F0-8EA2-71492D84F0BD}.Debug|Any CPU.ActiveCfg = Debug|Any CPU
		{C0012133-6DB3-46F0-8EA2-71492D84F0BD}.Debug|Any CPU.Build.0 = Debug|Any CPU
		{C0012133-6DB3-46F0-8EA2-71492D84F0BD}.Release|Any CPU.ActiveCfg = Release|Any CPU
		{C0012133-6DB3-46F0-8EA2-71492D84F0BD}.Release|Any CPU.Build.0 = Release|Any CPU
		{6F7BB9AD-7E9A-4E24-949E-674289C98E63}.Debug|Any CPU.ActiveCfg = Debug|Any CPU
		{6F7BB9AD-7E9A-4E24-949E-674289C98E63}.Debug|Any CPU.Build.0 = Debug|Any CPU
		{6F7BB9AD-7E9A-4E24-949E-674289C98E63}.Release|Any CPU.ActiveCfg = Release|Any CPU
		{6F7BB9AD-7E9A-4E24-949E-674289C98E63}.Release|Any CPU.Build.0 = Release|Any CPU
		{D6C711AB-BE4B-481F-89B2-236A2F21E0BA}.Debug|Any CPU.ActiveCfg = Debug|Any CPU
		{D6C711AB-BE4B-481F-89B2-236A2F21E0BA}.Debug|Any CPU.Build.0 = Debug|Any CPU
		{D6C711AB-BE4B-481F-89B2-236A2F21E0BA}.Release|Any CPU.ActiveCfg = Release|Any CPU
		{D6C711AB-BE4B-481F-89B2-236A2F21E0BA}.Release|Any CPU.Build.0 = Release|Any CPU
	EndGlobalSection
	GlobalSection(SolutionProperties) = preSolution
		HideSolutionNode = FALSE
	EndGlobalSection
	GlobalSection(NestedProjects) = preSolution
		{22F0BED2-A982-4712-8244-069D814FE310} = {47F6ACFC-4456-4EF1-9F9C-0538E216CE98}
		{C7C478B1-19BC-4A96-97AD-9974E8546CFA} = {FFB8AEFB-DCC5-4ABA-A3A6-25DAE44BD8BD}
		{4931E6EA-0456-4B51-990B-264E5A8B0D67} = {FFB8AEFB-DCC5-4ABA-A3A6-25DAE44BD8BD}
		{47F6ACFC-4456-4EF1-9F9C-0538E216CE98} = {FFB8AEFB-DCC5-4ABA-A3A6-25DAE44BD8BD}
		{A6FFE7A3-B12B-4F40-BC57-FB32F51FA7FA} = {FFB8AEFB-DCC5-4ABA-A3A6-25DAE44BD8BD}
		{ABC00337-B232-46EC-A464-CAF9026C510A} = {FFB8AEFB-DCC5-4ABA-A3A6-25DAE44BD8BD}
		{2B824922-F875-4F92-8B72-5CC8931BA0BE} = {A6FFE7A3-B12B-4F40-BC57-FB32F51FA7FA}
		{C0012133-6DB3-46F0-8EA2-71492D84F0BD} = {C7C478B1-19BC-4A96-97AD-9974E8546CFA}
		{6F7BB9AD-7E9A-4E24-949E-674289C98E63} = {4931E6EA-0456-4B51-990B-264E5A8B0D67}
		{0618562C-785B-498A-BB56-4979C3A574B8} = {FFB8AEFB-DCC5-4ABA-A3A6-25DAE44BD8BD}
		{D6C711AB-BE4B-481F-89B2-236A2F21E0BA} = {0618562C-785B-498A-BB56-4979C3A574B8}
	EndGlobalSection
	GlobalSection(ExtensibilityGlobals) = postSolution
		SolutionGuid = {A9C74392-CE8A-493C-84D5-449F63422B98}
	EndGlobalSection
EndGlobal
